PODS:
  - LiquidFloatingActionButton (0.1.1)
  - PNChartSwift (0.0.2)
  - pop (1.0.7)

DEPENDENCIES:
  - LiquidFloatingActionButton (from `https://github.com/yoavlt/LiquidFloatingActionButton.git`,
    branch `swift-2.0`)
  - PNChartSwift (from `https://github.com/kevinzhow/PNChart-Swift.git`)
  - pop

EXTERNAL SOURCES:
  LiquidFloatingActionButton:
    :branch: swift-2.0
    :git: https://github.com/yoavlt/LiquidFloatingActionButton.git
  PNChartSwift:
    :git: https://github.com/kevinzhow/PNChart-Swift.git

CHECKOUT OPTIONS:
  LiquidFloatingActionButton:
    :commit: d1366482e8e0f994d4ebc61973d4541870cd530f
    :git: https://github.com/yoavlt/LiquidFloatingActionButton.git
  PNChartSwift:
    :commit: 88eb8bcb4cd415d02775b2d355542b8bd338712d
    :git: https://github.com/kevinzhow/PNChart-Swift.git

SPEC CHECKSUMS:
  LiquidFloatingActionButton: dcdae1e59eb07eccbf60c027001a4d6731c345c9
  PNChartSwift: bcdfbffd65920072463eff42d0dfb46189bf4495
  pop: 628ffc631644601567ee8bfaaaea493ebd7d0923

COCOAPODS: 0.38.2
